<?xml version="1.0" encoding="utf-8"?>
<Project ToolsVersion="4.0" xmlns="http://schemas.microsoft.com/developer/msbuild/2003">
  <ItemGroup>
    <ClCompile Include="FinLogic.cpp" />
    <ClCompile Include="main.cpp" />
    <ClCompile Include="MainForm.cpp" />
    <ClCompile Include="AboutForm.cpp" />
    <ClCompile Include="FinForm.cpp" />
  </ItemGroup>
  <ItemGroup>
    <ClInclude Include="FinLogic.h" />
    <ClInclude Include="MainForm.h" />
    <ClInclude Include="AboutForm.h" />
    <ClInclude Include="FinForm.h" />
  </ItemGroup>
</Project>